{
  "name": "jfrog-npm-demo",
  "version": "1.0.0",
  "lockfileVersion": 3,
  "requires": true,
  "packages": {
    "": {
      "name": "jfrog-npm-demo",
      "version": "1.0.0",
      "dependencies": {
        "export-to-csv": "^1.4.0"
      }
    },
    "node_modules/export-to-csv": {
      "version": "1.4.0",
      "license": "MIT",
      "engines": {
        "node": "^v12.20.0 || >=v14.13.0"
      }
    }
  }
}
